
Microsoft Visual Studio Solution File, Format Version 12.00
# Visual Studio Version 16
VisualStudioVersion = 16.0.32126.315
MinimumVisualStudioVersion = 10.0.40219.1
Project("{9092AA53-FB77-4645-B42D-1CCCA6BD08BD}") = "MyRestaurantAPI", "MyRestaurantAPI.njsproj", "{617FF840-F55F-434E-8675-EAE0F5B952F8}"
EndProject
Global
	GlobalSection(SolutionConfigurationPlatforms) = preSolution
		Debug|Any CPU = Debug|Any CPU
		Release|Any CPU = Release|Any CPU
	EndGlobalSection
	GlobalSection(ProjectConfigurationPlatforms) = postSolution
		{617FF840-F55F-434E-8675-EAE0F5B952F8}.Debug|Any CPU.ActiveCfg = Debug|Any CPU
		{617FF840-F55F-434E-8675-EAE0F5B952F8}.Debug|Any CPU.Build.0 = Debug|Any CPU
		{617FF840-F55F-434E-8675-EAE0F5B952F8}.Release|Any CPU.ActiveCfg = Release|Any CPU
		{617FF840-F55F-434E-8675-EAE0F5B952F8}.Release|Any CPU.Build.0 = Release|Any CPU
	EndGlobalSection
	GlobalSection(SolutionProperties) = preSolution
		HideSolutionNode = FALSE
	EndGlobalSection
	GlobalSection(ExtensibilityGlobals) = postSolution
		SolutionGuid = {D5809BBE-B482-4EAF-8BAE-551FF484A333}
	EndGlobalSection
EndGlobal
